// !$*UTF8*$!
{
	archiveVersion = 1;
	classes = {
	};
	objectVersion = 56;
	objects = {

/* Begin PBXBuildFile section */
		111111111111111111111111 /* XgGlassSampleApp.swift in Sources */ = {isa = PBXBuildFile; fileRef = 111111111111111111111112 /* XgGlassSampleApp.swift */; };
		111111111111111111111113 /* ContentView.swift in Sources */ = {isa = PBXBuildFile; fileRef = 111111111111111111111114 /* ContentView.swift */; };
		111111111111111111111126 /* StubSwiftGlassesClient.swift in Sources */ = {isa = PBXBuildFile; fileRef = 111111111111111111111127 /* StubSwiftGlassesClient.swift */; };
		1524E2B63C78CE2FBD7A8AA7 /* libPods-XgGlassSampleTests.a in Frameworks */ = {isa = PBXBuildFile; fileRef = 25A77010EE81497B86B84F74 /* libPods-XgGlassSampleTests.a */; };
		222222222222222222222201 /* MetaMockRuntimeTests.swift in Sources */ = {isa = PBXBuildFile; fileRef = 222222222222222222222202 /* MetaMockRuntimeTests.swift */; };
		222222222222222222222220 /* MetaMicrophonePolicyTests.swift in Sources */ = {isa = PBXBuildFile; fileRef = 222222222222222222222221 /* MetaMicrophonePolicyTests.swift */; };
		333333333333333333333301 /* FrameFlutterRuntime.swift in Sources */ = {isa = PBXBuildFile; fileRef = 333333333333333333333302 /* FrameFlutterRuntime.swift */; };
		333333333333333333333303 /* FrameGlassesClientRuntimeTests.swift in Sources */ = {isa = PBXBuildFile; fileRef = 333333333333333333333304 /* FrameGlassesClientRuntimeTests.swift */; };
		333333333333333333333305 /* FrameGlassesClient.swift in Sources */ = {isa = PBXBuildFile; fileRef = 333333333333333333333306 /* FrameGlassesClient.swift */; };
		444444444444444444444006 /* XgGlassMetaTesting in Frameworks */ = {isa = PBXBuildFile; productRef = 444444444444444444444103 /* XgGlassMetaTesting */; };
		444444444444444444444008 /* XgGlassMetaTesting in Frameworks */ = {isa = PBXBuildFile; productRef = 444444444444444444444103 /* XgGlassMetaTesting */; };
		E3E6F72972D339B6265C9A24 /* libPods-XgGlassSample.a in Frameworks */ = {isa = PBXBuildFile; fileRef = 9CEED3E048D847174F02078E /* libPods-XgGlassSample.a */; };
/* End PBXBuildFile section */

/* Begin PBXContainerItemProxy section */
		222222222222222222222209 /* PBXContainerItemProxy */ = {
			isa = PBXContainerItemProxy;
			containerPortal = 111111111111111111111120 /* Project object */;
			proxyType = 1;
			remoteGlobalIDString = 11111111111111111111111C;
			remoteInfo = XgGlassSample;
		};
/* End PBXContainerItemProxy section */

/* Begin PBXFileReference section */
		111111111111111111111112 /* XgGlassSampleApp.swift */ = {isa = PBXFileReference; lastKnownFileType = sourcecode.swift; path = XgGlassSampleApp.swift; sourceTree = "<group>"; };
		111111111111111111111114 /* ContentView.swift */ = {isa = PBXFileReference; lastKnownFileType = sourcecode.swift; path = ContentView.swift; sourceTree = "<group>"; };
		111111111111111111111117 /* XgGlassSample.app */ = {isa = PBXFileReference; explicitFileType = wrapper.application; includeInIndex = 0; path = XgGlassSample.app; sourceTree = BUILT_PRODUCTS_DIR; };
		111111111111111111111127 /* StubSwiftGlassesClient.swift */ = {isa = PBXFileReference; lastKnownFileType = sourcecode.swift; path = StubSwiftGlassesClient.swift; sourceTree = "<group>"; };
		11111111111111111111112F /* Info.plist */ = {isa = PBXFileReference; lastKnownFileType = text.plist.xml; path = Info.plist; sourceTree = "<group>"; };
		222222222222222222222202 /* MetaMockRuntimeTests.swift */ = {isa = PBXFileReference; lastKnownFileType = sourcecode.swift; path = MetaMockRuntimeTests.swift; sourceTree = "<group>"; };
		222222222222222222222204 /* XgGlassSampleTests.xctest */ = {isa = PBXFileReference; explicitFileType = wrapper.cfbundle; includeInIndex = 0; path = XgGlassSampleTests.xctest; sourceTree = BUILT_PRODUCTS_DIR; };
		222222222222222222222221 /* MetaMicrophonePolicyTests.swift */ = {isa = PBXFileReference; lastKnownFileType = sourcecode.swift; path = MetaMicrophonePolicyTests.swift; sourceTree = "<group>"; };
		25A77010EE81497B86B84F74 /* libPods-XgGlassSampleTests.a */ = {isa = PBXFileReference; explicitFileType = archive.ar; includeInIndex = 0; path = "libPods-XgGlassSampleTests.a"; sourceTree = BUILT_PRODUCTS_DIR; };
		333333333333333333333302 /* FrameFlutterRuntime.swift */ = {isa = PBXFileReference; lastKnownFileType = sourcecode.swift; path = FrameFlutterRuntime.swift; sourceTree = "<group>"; };
		333333333333333333333304 /* FrameGlassesClientRuntimeTests.swift */ = {isa = PBXFileReference; lastKnownFileType = sourcecode.swift; path = FrameGlassesClientRuntimeTests.swift; sourceTree = "<group>"; };
		333333333333333333333306 /* FrameGlassesClient.swift */ = {isa = PBXFileReference; lastKnownFileType = sourcecode.swift; path = FrameGlassesClient.swift; sourceTree = "<group>"; };
		6231BC9123BF011F03258BA5 /* Pods-XgGlassSample.debug.xcconfig */ = {isa = PBXFileReference; includeInIndex = 1; lastKnownFileType = text.xcconfig; name = "Pods-XgGlassSample.debug.xcconfig"; path = "Target Support Files/Pods-XgGlassSample/Pods-XgGlassSample.debug.xcconfig"; sourceTree = "<group>"; };
		766BBFC4F2DF3430B09C162E /* Pods-XgGlassSample.release.xcconfig */ = {isa = PBXFileReference; includeInIndex = 1; lastKnownFileType = text.xcconfig; name = "Pods-XgGlassSample.release.xcconfig"; path = "Target Support Files/Pods-XgGlassSample/Pods-XgGlassSample.release.xcconfig"; sourceTree = "<group>"; };
		9A6F752080AE2AA18C8CAFAB /* Pods-XgGlassSampleTests.release.xcconfig */ = {isa = PBXFileReference; includeInIndex = 1; lastKnownFileType = text.xcconfig; name = "Pods-XgGlassSampleTests.release.xcconfig"; path = "Target Support Files/Pods-XgGlassSampleTests/Pods-XgGlassSampleTests.release.xcconfig"; sourceTree = "<group>"; };
		9CEED3E048D847174F02078E /* libPods-XgGlassSample.a */ = {isa = PBXFileReference; explicitFileType = archive.ar; includeInIndex = 0; path = "libPods-XgGlassSample.a"; sourceTree = BUILT_PRODUCTS_DIR; };
		EAE995A7B9B561E56AE9FEB3 /* Pods-XgGlassSampleTests.debug.xcconfig */ = {isa = PBXFileReference; includeInIndex = 1; lastKnownFileType = text.xcconfig; name = "Pods-XgGlassSampleTests.debug.xcconfig"; path = "Target Support Files/Pods-XgGlassSampleTests/Pods-XgGlassSampleTests.debug.xcconfig"; sourceTree = "<group>"; };
/* End PBXFileReference section */

/* Begin PBXFrameworksBuildPhase section */
		111111111111111111111118 /* Frameworks */ = {
			isa = PBXFrameworksBuildPhase;
			buildActionMask = 2147483647;
			files = (
				444444444444444444444006 /* XgGlassMetaTesting in Frameworks */,
				E3E6F72972D339B6265C9A24 /* libPods-XgGlassSample.a in Frameworks */,
			);
			runOnlyForDeploymentPostprocessing = 0;
		};
		222222222222222222222207 /* Frameworks */ = {
			isa = PBXFrameworksBuildPhase;
			buildActionMask = 2147483647;
			files = (
				444444444444444444444008 /* XgGlassMetaTesting in Frameworks */,
				1524E2B63C78CE2FBD7A8AA7 /* libPods-XgGlassSampleTests.a in Frameworks */,
			);
			runOnlyForDeploymentPostprocessing = 0;
		};
/* End PBXFrameworksBuildPhase section */

/* Begin PBXGroup section */
		111111111111111111111119 = {
			isa = PBXGroup;
			children = (
				11111111111111111111111A /* XgGlassSample */,
				222222222222222222222203 /* XgGlassSampleTests */,
				11111111111111111111111B /* Products */,
				EB8DD82B9117DBA0302E562B /* Pods */,
				719DA195F250B06BF6DA8294 /* Frameworks */,
			);
			sourceTree = "<group>";
		};
		11111111111111111111111A /* XgGlassSample */ = {
			isa = PBXGroup;
			children = (
				111111111111111111111112 /* XgGlassSampleApp.swift */,
				111111111111111111111114 /* ContentView.swift */,
				111111111111111111111127 /* StubSwiftGlassesClient.swift */,
				333333333333333333333302 /* FrameFlutterRuntime.swift */,
				333333333333333333333306 /* FrameGlassesClient.swift */,
				11111111111111111111112F /* Info.plist */,
			);
			path = XgGlassSample;
			sourceTree = "<group>";
		};
		11111111111111111111111B /* Products */ = {
			isa = PBXGroup;
			children = (
				111111111111111111111117 /* XgGlassSample.app */,
				222222222222222222222204 /* XgGlassSampleTests.xctest */,
			);
			name = Products;
			sourceTree = "<group>";
		};
		222222222222222222222203 /* XgGlassSampleTests */ = {
			isa = PBXGroup;
			children = (
				222222222222222222222202 /* MetaMockRuntimeTests.swift */,
				222222222222222222222221 /* MetaMicrophonePolicyTests.swift */,
				333333333333333333333304 /* FrameGlassesClientRuntimeTests.swift */,
			);
			path = XgGlassSampleTests;
			sourceTree = "<group>";
		};
		719DA195F250B06BF6DA8294 /* Frameworks */ = {
			isa = PBXGroup;
			children = (
				9CEED3E048D847174F02078E /* libPods-XgGlassSample.a */,
				25A77010EE81497B86B84F74 /* libPods-XgGlassSampleTests.a */,
			);
			name = Frameworks;
			sourceTree = "<group>";
		};
		EB8DD82B9117DBA0302E562B /* Pods */ = {
			isa = PBXGroup;
			children = (
				6231BC9123BF011F03258BA5 /* Pods-XgGlassSample.debug.xcconfig */,
				766BBFC4F2DF3430B09C162E /* Pods-XgGlassSample.release.xcconfig */,
				EAE995A7B9B561E56AE9FEB3 /* Pods-XgGlassSampleTests.debug.xcconfig */,
				9A6F752080AE2AA18C8CAFAB /* Pods-XgGlassSampleTests.release.xcconfig */,
			);
			name = Pods;
			path = Pods;
			sourceTree = "<group>";
		};
/* End PBXGroup section */

/* Begin PBXNativeTarget section */
		11111111111111111111111C /* XgGlassSample */ = {
			isa = PBXNativeTarget;
			buildConfigurationList = 11111111111111111111111D /* Build configuration list for PBXNativeTarget "XgGlassSample" */;
			buildPhases = (
				AEC4918661551FE0B7B9787E /* [CP] Check Pods Manifest.lock */,
				3EB7AF5A93540CC3DE9B8D1D /* [CP-User] Run Flutter Build frame_module Script */,
				11111111111111111111111E /* Sources */,
				111111111111111111111118 /* Frameworks */,
				11111111111111111111111F /* Resources */,
				E7DC0E988EC1DCFF2B222FB8 /* [CP-User] Embed Flutter Build frame_module Script */,
			);
			buildRules = (
			);
			dependencies = (
			);
			name = XgGlassSample;
			packageProductDependencies = (
				444444444444444444444103 /* XgGlassMetaTesting */,
			);
			productName = XgGlassSample;
			productReference = 111111111111111111111117 /* XgGlassSample.app */;
			productType = "com.apple.product-type.application";
		};
		222222222222222222222205 /* XgGlassSampleTests */ = {
			isa = PBXNativeTarget;
			buildConfigurationList = 222222222222222222222210 /* Build configuration list for PBXNativeTarget "XgGlassSampleTests" */;
			buildPhases = (
				2A429AF063BA1AADA4BF5E85 /* [CP] Check Pods Manifest.lock */,
				222222222222222222222206 /* Sources */,
				222222222222222222222207 /* Frameworks */,
				222222222222222222222208 /* Resources */,
			);
			buildRules = (
			);
			dependencies = (
				22222222222222222222220A /* PBXTargetDependency */,
			);
			name = XgGlassSampleTests;
			packageProductDependencies = (
				444444444444444444444103 /* XgGlassMetaTesting */,
			);
			productName = XgGlassSampleTests;
			productReference = 222222222222222222222204 /* XgGlassSampleTests.xctest */;
			productType = "com.apple.product-type.bundle.unit-test";
		};
/* End PBXNativeTarget section */

/* Begin PBXProject section */
		111111111111111111111120 /* Project object */ = {
			isa = PBXProject;
			attributes = {
				BuildIndependentTargetsInParallel = 1;
				LastSwiftUpdateCheck = 2650;
				LastUpgradeCheck = 2650;
				TargetAttributes = {
					11111111111111111111111C = {
						CreatedOnToolsVersion = 26.5;
					};
					222222222222222222222205 = {
						CreatedOnToolsVersion = 26.5;
						TestTargetID = 11111111111111111111111C;
					};
				};
			};
			buildConfigurationList = 111111111111111111111121 /* Build configuration list for PBXProject "XgGlassSample" */;
			compatibilityVersion = "Xcode 14.0";
			developmentRegion = en;
			hasScannedForEncodings = 0;
			knownRegions = (
				en,
				Base,
			);
			mainGroup = 111111111111111111111119;
			packageReferences = (
				444444444444444444444100 /* XCLocalSwiftPackageReference "../../.." */,
			);
			productRefGroup = 11111111111111111111111B /* Products */;
			projectDirPath = "";
			projectRoot = "";
			targets = (
				11111111111111111111111C /* XgGlassSample */,
				222222222222222222222205 /* XgGlassSampleTests */,
			);
		};
/* End PBXProject section */

/* Begin PBXResourcesBuildPhase section */
		11111111111111111111111F /* Resources */ = {
			isa = PBXResourcesBuildPhase;
			buildActionMask = 2147483647;
			files = (
			);
			runOnlyForDeploymentPostprocessing = 0;
		};
		222222222222222222222208 /* Resources */ = {
			isa = PBXResourcesBuildPhase;
			buildActionMask = 2147483647;
			files = (
			);
			runOnlyForDeploymentPostprocessing = 0;
		};
/* End PBXResourcesBuildPhase section */

/* Begin PBXShellScriptBuildPhase section */
		2A429AF063BA1AADA4BF5E85 /* [CP] Check Pods Manifest.lock */ = {
			isa = PBXShellScriptBuildPhase;
			buildActionMask = 2147483647;
			files = (
			);
			inputFileListPaths = (
			);
			inputPaths = (
				"${PODS_PODFILE_DIR_PATH}/Podfile.lock",
				"${PODS_ROOT}/Manifest.lock",
			);
			name = "[CP] Check Pods Manifest.lock";
			outputFileListPaths = (
			);
			outputPaths = (
				"$(DERIVED_FILE_DIR)/Pods-XgGlassSampleTests-checkManifestLockResult.txt",
			);
			runOnlyForDeploymentPostprocessing = 0;
			shellPath = /bin/sh;
			shellScript = "diff \"${PODS_PODFILE_DIR_PATH}/Podfile.lock\" \"${PODS_ROOT}/Manifest.lock\" > /dev/null\nif [ $? != 0 ] ; then\n    # print error to STDERR\n    echo \"error: The sandbox is not in sync with the Podfile.lock. Run 'pod install' or update your CocoaPods installation.\" >&2\n    exit 1\nfi\n# This output is used by Xcode 'outputs' to avoid re-running this script phase.\necho \"SUCCESS\" > \"${SCRIPT_OUTPUT_FILE_0}\"\n";
			showEnvVarsInLog = 0;
		};
		3EB7AF5A93540CC3DE9B8D1D /* [CP-User] Run Flutter Build frame_module Script */ = {
			isa = PBXShellScriptBuildPhase;
			buildActionMask = 2147483647;
			files = (
			);
			name = "[CP-User] Run Flutter Build frame_module Script";
			runOnlyForDeploymentPostprocessing = 0;
			shellPath = /bin/sh;
			shellScript = "set -e\nset -u\nsource \"${SRCROOT}/../../../third_party/frame/frame_module/.ios/Flutter/flutter_export_environment.sh\"\nexport VERBOSE_SCRIPT_LOGGING=1 && \"$FLUTTER_ROOT\"/packages/flutter_tools/bin/xcode_backend.sh build";
		};
		AEC4918661551FE0B7B9787E /* [CP] Check Pods Manifest.lock */ = {
			isa = PBXShellScriptBuildPhase;
			buildActionMask = 2147483647;
			files = (
			);
			inputFileListPaths = (
			);
			inputPaths = (
				"${PODS_PODFILE_DIR_PATH}/Podfile.lock",
				"${PODS_ROOT}/Manifest.lock",
			);
			name = "[CP] Check Pods Manifest.lock";
			outputFileListPaths = (
			);
			outputPaths = (
				"$(DERIVED_FILE_DIR)/Pods-XgGlassSample-checkManifestLockResult.txt",
			);
			runOnlyForDeploymentPostprocessing = 0;
			shellPath = /bin/sh;
			shellScript = "diff \"${PODS_PODFILE_DIR_PATH}/Podfile.lock\" \"${PODS_ROOT}/Manifest.lock\" > /dev/null\nif [ $? != 0 ] ; then\n    # print error to STDERR\n    echo \"error: The sandbox is not in sync with the Podfile.lock. Run 'pod install' or update your CocoaPods installation.\" >&2\n    exit 1\nfi\n# This output is used by Xcode 'outputs' to avoid re-running this script phase.\necho \"SUCCESS\" > \"${SCRIPT_OUTPUT_FILE_0}\"\n";
			showEnvVarsInLog = 0;
		};
		E7DC0E988EC1DCFF2B222FB8 /* [CP-User] Embed Flutter Build frame_module Script */ = {
			isa = PBXShellScriptBuildPhase;
			buildActionMask = 2147483647;
			files = (
			);
			name = "[CP-User] Embed Flutter Build frame_module Script";
			runOnlyForDeploymentPostprocessing = 0;
			shellPath = /bin/sh;
			shellScript = "set -e\nset -u\nsource \"${SRCROOT}/../../../third_party/frame/frame_module/.ios/Flutter/flutter_export_environment.sh\"\nexport VERBOSE_SCRIPT_LOGGING=1 && \"$FLUTTER_ROOT\"/packages/flutter_tools/bin/xcode_backend.sh embed_and_thin";
		};
/* End PBXShellScriptBuildPhase section */

/* Begin PBXSourcesBuildPhase section */
		11111111111111111111111E /* Sources */ = {
			isa = PBXSourcesBuildPhase;
			buildActionMask = 2147483647;
			files = (
				111111111111111111111111 /* XgGlassSampleApp.swift in Sources */,
				111111111111111111111113 /* ContentView.swift in Sources */,
				111111111111111111111126 /* StubSwiftGlassesClient.swift in Sources */,
				333333333333333333333301 /* FrameFlutterRuntime.swift in Sources */,
				333333333333333333333305 /* FrameGlassesClient.swift in Sources */,
			);
			runOnlyForDeploymentPostprocessing = 0;
		};
		222222222222222222222206 /* Sources */ = {
			isa = PBXSourcesBuildPhase;
			buildActionMask = 2147483647;
			files = (
				222222222222222222222201 /* MetaMockRuntimeTests.swift in Sources */,
				222222222222222222222220 /* MetaMicrophonePolicyTests.swift in Sources */,
				333333333333333333333303 /* FrameGlassesClientRuntimeTests.swift in Sources */,
			);
			runOnlyForDeploymentPostprocessing = 0;
		};
/* End PBXSourcesBuildPhase section */

/* Begin PBXTargetDependency section */
		22222222222222222222220A /* PBXTargetDependency */ = {
			isa = PBXTargetDependency;
			target = 11111111111111111111111C /* XgGlassSample */;
			targetProxy = 222222222222222222222209 /* PBXContainerItemProxy */;
		};
/* End PBXTargetDependency section */

/* Begin XCBuildConfiguration section */
		111111111111111111111122 /* Debug */ = {
			isa = XCBuildConfiguration;
			buildSettings = {
				ALWAYS_SEARCH_USER_PATHS = NO;
				CLANG_ANALYZER_NONNULL = YES;
				CLANG_ANALYZER_NUMBER_OBJECT_CONVERSION = YES_AGGRESSIVE;
				CLANG_CXX_LANGUAGE_STANDARD = "gnu++20";
				CLANG_ENABLE_MODULES = YES;
				CLANG_ENABLE_OBJC_ARC = YES;
				CLANG_ENABLE_OBJC_WEAK = YES;
				CLANG_WARN_BLOCK_CAPTURE_AUTORELEASING = YES;
				CLANG_WARN_BOOL_CONVERSION = YES;
				CLANG_WARN_COMMA = YES;
				CLANG_WARN_CONSTANT_CONVERSION = YES;
				CLANG_WARN_DEPRECATED_OBJC_IMPLEMENTATIONS = YES;
				CLANG_WARN_DIRECT_OBJC_ISA_USAGE = YES_ERROR;
				CLANG_WARN_DOCUMENTATION_COMMENTS = YES;
				CLANG_WARN_EMPTY_BODY = YES;
				CLANG_WARN_ENUM_CONVERSION = YES;
				CLANG_WARN_INFINITE_RECURSION = YES;
				CLANG_WARN_INT_CONVERSION = YES;
				CLANG_WARN_NON_LITERAL_NULL_CONVERSION = YES;
				CLANG_WARN_OBJC_IMPLICIT_RETAIN_SELF = YES;
				CLANG_WARN_OBJC_LITERAL_CONVERSION = YES;
				CLANG_WARN_OBJC_ROOT_CLASS = YES_ERROR;
				CLANG_WARN_QUOTED_INCLUDE_IN_FRAMEWORK_HEADER = YES;
				CLANG_WARN_RANGE_LOOP_ANALYSIS = YES;
				CLANG_WARN_STRICT_PROTOTYPES = YES;
				CLANG_WARN_SUSPICIOUS_MOVE = YES;
				CLANG_WARN_UNGUARDED_AVAILABILITY = YES_AGGRESSIVE;
				CLANG_WARN_UNREACHABLE_CODE = YES;
				CLANG_WARN__DUPLICATE_METHOD_MATCH = YES;
				COPY_PHASE_STRIP = NO;
				DEBUG_INFORMATION_FORMAT = dwarf;
				ENABLE_STRICT_OBJC_MSGSEND = YES;
				ENABLE_TESTABILITY = YES;
				GCC_C_LANGUAGE_STANDARD = gnu17;
				GCC_DYNAMIC_NO_PIC = NO;
				GCC_NO_COMMON_BLOCKS = YES;
				GCC_OPTIMIZATION_LEVEL = 0;
				GCC_PREPROCESSOR_DEFINITIONS = (
					"DEBUG=1",
					"$(inherited)",
				);
				GCC_WARN_64_TO_32_BIT_CONVERSION = YES;
				GCC_WARN_ABOUT_RETURN_TYPE = YES_ERROR;
				GCC_WARN_UNDECLARED_SELECTOR = YES;
				GCC_WARN_UNINITIALIZED_AUTOS = YES_AGGRESSIVE;
				GCC_WARN_UNUSED_FUNCTION = YES;
				GCC_WARN_UNUSED_VARIABLE = YES;
				IPHONEOS_DEPLOYMENT_TARGET = 16.0;
				MTL_ENABLE_DEBUG_INFO = INCLUDE_SOURCE;
				MTL_FAST_MATH = YES;
				ONLY_ACTIVE_ARCH = YES;
				SDKROOT = iphoneos;
				SWIFT_ACTIVE_COMPILATION_CONDITIONS = DEBUG;
				SWIFT_OPTIMIZATION_LEVEL = "-Onone";
			};
			name = Debug;
		};
		111111111111111111111123 /* Release */ = {
			isa = XCBuildConfiguration;
			buildSettings = {
				ALWAYS_SEARCH_USER_PATHS = NO;
				CLANG_ANALYZER_NONNULL = YES;
				CLANG_ANALYZER_NUMBER_OBJECT_CONVERSION = YES_AGGRESSIVE;
				CLANG_CXX_LANGUAGE_STANDARD = "gnu++20";
				CLANG_ENABLE_MODULES = YES;
				CLANG_ENABLE_OBJC_ARC = YES;
				CLANG_ENABLE_OBJC_WEAK = YES;
				CLANG_WARN_BLOCK_CAPTURE_AUTORELEASING = YES;
				CLANG_WARN_BOOL_CONVERSION = YES;
				CLANG_WARN_COMMA = YES;
				CLANG_WARN_CONSTANT_CONVERSION = YES;
				CLANG_WARN_DEPRECATED_OBJC_IMPLEMENTATIONS = YES;
				CLANG_WARN_DIRECT_OBJC_ISA_USAGE = YES_ERROR;
				CLANG_WARN_DOCUMENTATION_COMMENTS = YES;
				CLANG_WARN_EMPTY_BODY = YES;
				CLANG_WARN_ENUM_CONVERSION = YES;
				CLANG_WARN_INFINITE_RECURSION = YES;
				CLANG_WARN_INT_CONVERSION = YES;
				CLANG_WARN_NON_LITERAL_NULL_CONVERSION = YES;
				CLANG_WARN_OBJC_IMPLICIT_RETAIN_SELF = YES;
				CLANG_WARN_OBJC_LITERAL_CONVERSION = YES;
				CLANG_WARN_OBJC_ROOT_CLASS = YES_ERROR;
				CLANG_WARN_QUOTED_INCLUDE_IN_FRAMEWORK_HEADER = YES;
				CLANG_WARN_RANGE_LOOP_ANALYSIS = YES;
				CLANG_WARN_STRICT_PROTOTYPES = YES;
				CLANG_WARN_SUSPICIOUS_MOVE = YES;
				CLANG_WARN_UNGUARDED_AVAILABILITY = YES_AGGRESSIVE;
				CLANG_WARN_UNREACHABLE_CODE = YES;
				CLANG_WARN__DUPLICATE_METHOD_MATCH = YES;
				COPY_PHASE_STRIP = NO;
				DEBUG_INFORMATION_FORMAT = "dwarf-with-dsym";
				ENABLE_NS_ASSERTIONS = NO;
				ENABLE_STRICT_OBJC_MSGSEND = YES;
				GCC_C_LANGUAGE_STANDARD = gnu17;
				GCC_NO_COMMON_BLOCKS = YES;
				GCC_WARN_64_TO_32_BIT_CONVERSION = YES;
				GCC_WARN_ABOUT_RETURN_TYPE = YES_ERROR;
				GCC_WARN_UNDECLARED_SELECTOR = YES;
				GCC_WARN_UNINITIALIZED_AUTOS = YES_AGGRESSIVE;
				GCC_WARN_UNUSED_FUNCTION = YES;
				GCC_WARN_UNUSED_VARIABLE = YES;
				IPHONEOS_DEPLOYMENT_TARGET = 16.0;
				MTL_ENABLE_DEBUG_INFO = NO;
				MTL_FAST_MATH = YES;
				SDKROOT = iphoneos;
				SWIFT_COMPILATION_MODE = wholemodule;
				SWIFT_OPTIMIZATION_LEVEL = "-O";
				VALIDATE_PRODUCT = YES;
			};
			name = Release;
		};
		111111111111111111111124 /* Debug */ = {
			isa = XCBuildConfiguration;
			baseConfigurationReference = 6231BC9123BF011F03258BA5 /* Pods-XgGlassSample.debug.xcconfig */;
			buildSettings = {
				ASSETCATALOG_COMPILER_APPICON_NAME = AppIcon;
				CLIENT_TOKEN = 0;
				CODE_SIGN_ENTITLEMENTS = XgGlassSample/XgGlassSample.entitlements;
				CODE_SIGN_STYLE = Automatic;
				CURRENT_PROJECT_VERSION = 1;
				DEVELOPMENT_TEAM = "";
				ENABLE_DEBUG_DYLIB = NO;
				ENABLE_PREVIEWS = YES;
				"EXCLUDED_ARCHS[sdk=iphonesimulator*]" = x86_64;
				GENERATE_INFOPLIST_FILE = NO;
				INFOPLIST_FILE = XgGlassSample/Info.plist;
				LD_RUNPATH_SEARCH_PATHS = (
					"$(inherited)",
					"@executable_path/Frameworks",
				);
				MARKETING_VERSION = 1.0;
				META_APP_ID = 0;
				OTHER_LDFLAGS = (
					"$(inherited)",
					"-Xlinker",
					"-sectcreate",
					"-Xlinker",
					__TEXT,
					"-Xlinker",
					__entitlements,
					"-Xlinker",
					"$(PROJECT_DIR)/XgGlassSample/XgGlassSample-Simulated.xcent",
				);
				PRODUCT_BUNDLE_IDENTIFIER = com.xgglass.sample;
				PRODUCT_NAME = "$(TARGET_NAME)";
				SWIFT_EMIT_LOC_STRINGS = YES;
				SWIFT_VERSION = 5.0;
				TARGETED_DEVICE_FAMILY = "1,2";
			};
			name = Debug;
		};
		111111111111111111111125 /* Release */ = {
			isa = XCBuildConfiguration;
			baseConfigurationReference = 766BBFC4F2DF3430B09C162E /* Pods-XgGlassSample.release.xcconfig */;
			buildSettings = {
				ASSETCATALOG_COMPILER_APPICON_NAME = AppIcon;
				CLIENT_TOKEN = 0;
				CODE_SIGN_ENTITLEMENTS = XgGlassSample/XgGlassSample.entitlements;
				CODE_SIGN_STYLE = Automatic;
				CURRENT_PROJECT_VERSION = 1;
				DEVELOPMENT_TEAM = "";
				ENABLE_DEBUG_DYLIB = NO;
				ENABLE_PREVIEWS = YES;
				"EXCLUDED_ARCHS[sdk=iphonesimulator*]" = x86_64;
				GENERATE_INFOPLIST_FILE = NO;
				INFOPLIST_FILE = XgGlassSample/Info.plist;
				LD_RUNPATH_SEARCH_PATHS = (
					"$(inherited)",
					"@executable_path/Frameworks",
				);
				MARKETING_VERSION = 1.0;
				META_APP_ID = 0;
				OTHER_LDFLAGS = (
					"$(inherited)",
					"-Xlinker",
					"-sectcreate",
					"-Xlinker",
					__TEXT,
					"-Xlinker",
					__entitlements,
					"-Xlinker",
					"$(PROJECT_DIR)/XgGlassSample/XgGlassSample-Simulated.xcent",
				);
				PRODUCT_BUNDLE_IDENTIFIER = com.xgglass.sample;
				PRODUCT_NAME = "$(TARGET_NAME)";
				SWIFT_EMIT_LOC_STRINGS = YES;
				SWIFT_VERSION = 5.0;
				TARGETED_DEVICE_FAMILY = "1,2";
			};
			name = Release;
		};
		222222222222222222222211 /* Debug */ = {
			isa = XCBuildConfiguration;
			baseConfigurationReference = EAE995A7B9B561E56AE9FEB3 /* Pods-XgGlassSampleTests.debug.xcconfig */;
			buildSettings = {
				BUNDLE_LOADER = "$(TEST_HOST)";
				CODE_SIGN_STYLE = Automatic;
				CURRENT_PROJECT_VERSION = 1;
				DEVELOPMENT_TEAM = "";
				ENABLE_TESTABILITY = YES;
				"EXCLUDED_ARCHS[sdk=iphonesimulator*]" = x86_64;
				GENERATE_INFOPLIST_FILE = YES;
				IPHONEOS_DEPLOYMENT_TARGET = 16.0;
				LD_RUNPATH_SEARCH_PATHS = (
					"$(inherited)",
					"@executable_path/Frameworks",
					"@loader_path/Frameworks",
				);
				MARKETING_VERSION = 1.0;
				PRODUCT_BUNDLE_IDENTIFIER = com.xgglass.sample.tests;
				PRODUCT_NAME = "$(TARGET_NAME)";
				SDKROOT = iphoneos;
				SWIFT_ACTIVE_COMPILATION_CONDITIONS = DEBUG;
				SWIFT_EMIT_LOC_STRINGS = NO;
				SWIFT_VERSION = 5.0;
				TARGETED_DEVICE_FAMILY = "1,2";
				TEST_HOST = "$(BUILT_PRODUCTS_DIR)/XgGlassSample.app/$(BUNDLE_EXECUTABLE_FOLDER_PATH)/XgGlassSample";
			};
			name = Debug;
		};
		222222222222222222222212 /* Release */ = {
			isa = XCBuildConfiguration;
			baseConfigurationReference = 9A6F752080AE2AA18C8CAFAB /* Pods-XgGlassSampleTests.release.xcconfig */;
			buildSettings = {
				BUNDLE_LOADER = "$(TEST_HOST)";
				CODE_SIGN_STYLE = Automatic;
				CURRENT_PROJECT_VERSION = 1;
				DEVELOPMENT_TEAM = "";
				"EXCLUDED_ARCHS[sdk=iphonesimulator*]" = x86_64;
				GENERATE_INFOPLIST_FILE = YES;
				IPHONEOS_DEPLOYMENT_TARGET = 16.0;
				LD_RUNPATH_SEARCH_PATHS = (
					"$(inherited)",
					"@executable_path/Frameworks",
					"@loader_path/Frameworks",
				);
				MARKETING_VERSION = 1.0;
				PRODUCT_BUNDLE_IDENTIFIER = com.xgglass.sample.tests;
				PRODUCT_NAME = "$(TARGET_NAME)";
				SDKROOT = iphoneos;
				SWIFT_EMIT_LOC_STRINGS = NO;
				SWIFT_VERSION = 5.0;
				TARGETED_DEVICE_FAMILY = "1,2";
				TEST_HOST = "$(BUILT_PRODUCTS_DIR)/XgGlassSample.app/$(BUNDLE_EXECUTABLE_FOLDER_PATH)/XgGlassSample";
			};
			name = Release;
		};
/* End XCBuildConfiguration section */

/* Begin XCConfigurationList section */
		11111111111111111111111D /* Build configuration list for PBXNativeTarget "XgGlassSample" */ = {
			isa = XCConfigurationList;
			buildConfigurations = (
				111111111111111111111124 /* Debug */,
				111111111111111111111125 /* Release */,
			);
			defaultConfigurationIsVisible = 0;
			defaultConfigurationName = Release;
		};
		111111111111111111111121 /* Build configuration list for PBXProject "XgGlassSample" */ = {
			isa = XCConfigurationList;
			buildConfigurations = (
				111111111111111111111122 /* Debug */,
				111111111111111111111123 /* Release */,
			);
			defaultConfigurationIsVisible = 0;
			defaultConfigurationName = Release;
		};
		222222222222222222222210 /* Build configuration list for PBXNativeTarget "XgGlassSampleTests" */ = {
			isa = XCConfigurationList;
			buildConfigurations = (
				222222222222222222222211 /* Debug */,
				222222222222222222222212 /* Release */,
			);
			defaultConfigurationIsVisible = 0;
			defaultConfigurationName = Release;
		};
/* End XCConfigurationList section */

/* Begin XCLocalSwiftPackageReference section */
		444444444444444444444100 /* XCLocalSwiftPackageReference "../../.." */ = {
			isa = XCLocalSwiftPackageReference;
			relativePath = ../../..;
		};
/* End XCLocalSwiftPackageReference section */

/* Begin XCSwiftPackageProductDependency section */
		444444444444444444444102 /* XgGlassMeta */ = {
			isa = XCSwiftPackageProductDependency;
			package = 444444444444444444444100 /* XCLocalSwiftPackageReference "../../.." */;
			productName = XgGlassMeta;
		};
		444444444444444444444103 /* XgGlassMetaTesting */ = {
			isa = XCSwiftPackageProductDependency;
			package = 444444444444444444444100 /* XCLocalSwiftPackageReference "../../.." */;
			productName = XgGlassMetaTesting;
		};
/* End XCSwiftPackageProductDependency section */
	};
	rootObject = 111111111111111111111120 /* Project object */;
}
